
Microsoft Visual Studio Solution File, Format Version 11.00
# Visual Studio 2010
Project("{FAE04EC0-301F-11D3-BF4B-00C04F79EFBC}") = "BloodBullet", "BloodBullet.csproj", "{9A50AACB-3F6F-474B-9634-29A941C279A7}"
EndProject
Global
	GlobalSection(SolutionConfigurationPlatforms) = preSolution
		Debug|Xbox 360 = Debug|Xbox 360
		Release|Xbox 360 = Release|Xbox 360
	EndGlobalSection
	GlobalSection(ProjectConfigurationPlatforms) = postSolution
		{9A50AACB-3F6F-474B-9634-29A941C279A7}.Debug|Xbox 360.ActiveCfg = Debug|Xbox 360
		{9A50AACB-3F6F-474B-9634-29A941C279A7}.Debug|Xbox 360.Build.0 = Debug|Xbox 360
		{9A50AACB-3F6F-474B-9634-29A941C279A7}.Debug|Xbox 360.Deploy.0 = Debug|Xbox 360
		{9A50AACB-3F6F-474B-9634-29A941C279A7}.Release|Xbox 360.ActiveCfg = Release|Xbox 360
		{9A50AACB-3F6F-474B-9634-29A941C279A7}.Release|Xbox 360.Build.0 = Release|Xbox 360
		{9A50AACB-3F6F-474B-9634-29A941C279A7}.Release|Xbox 360.Deploy.0 = Release|Xbox 360
	EndGlobalSection
	GlobalSection(SolutionProperties) = preSolution
		HideSolutionNode = FALSE
	EndGlobalSection
EndGlobal
